
Microsoft Visual Studio Solution File, Format Version 12.00
# Visual Studio Version 17
VisualStudioVersion = 17.7.34024.191
MinimumVisualStudioVersion = 10.0.40219.1
Project("{FAE04EC0-301F-11D3-BF4B-00C04F79EFBC}") = "Property Rental Management System", "Property Rental Management System.csproj", "{A05D3B1C-0E5E-48AE-B5CB-07E1965EC8B6}"
EndProject
Global
	GlobalSection(SolutionConfigurationPlatforms) = preSolution
		Debug|Any CPU = Debug|Any CPU
		Release|Any CPU = Release|Any CPU
	EndGlobalSection
	GlobalSection(ProjectConfigurationPlatforms) = postSolution
		{A05D3B1C-0E5E-48AE-B5CB-07E1965EC8B6}.Debug|Any CPU.ActiveCfg = Debug|Any CPU
		{A05D3B1C-0E5E-48AE-B5CB-07E1965EC8B6}.Debug|Any CPU.Build.0 = Debug|Any CPU
		{A05D3B1C-0E5E-48AE-B5CB-07E1965EC8B6}.Release|Any CPU.ActiveCfg = Release|Any CPU
		{A05D3B1C-0E5E-48AE-B5CB-07E1965EC8B6}.Release|Any CPU.Build.0 = Release|Any CPU
	EndGlobalSection
	GlobalSection(SolutionProperties) = preSolution
		HideSolutionNode = FALSE
	EndGlobalSection
	GlobalSection(ExtensibilityGlobals) = postSolution
		SolutionGuid = {65D9B83E-80C1-46F4-AECF-D5B1EB9BC909}
	EndGlobalSection
EndGlobal
